
Microsoft Visual Studio Solution File, Format Version 12.00
# Visual Studio Version 17
VisualStudioVersion = 17.5.002.0
MinimumVisualStudioVersion = 10.0.40219.1
Project("{9A19103F-16F7-4668-BE54-9A1E7A4F7556}") = "SafraCoinContractsService", "SafraCoinContractsService\SafraCoinContractsService.csproj", "{79649746-07CF-4E0E-A25B-39B1A7ADA921}"
EndProject
Project("{FAE04EC0-301F-11D3-BF4B-00C04F79EFBC}") = "SafraCoinContractsService.Core", "SafraCoinContractsService.Core\SafraCoinContractsService.Core.csproj", "{EFD605F0-512B-46B1-8C8E-2D23816FEC0E}"
EndProject
Global
	GlobalSection(SolutionConfigurationPlatforms) = preSolution
		Debug|Any CPU = Debug|Any CPU
		Release|Any CPU = Release|Any CPU
	EndGlobalSection
	GlobalSection(ProjectConfigurationPlatforms) = postSolution
		{79649746-07CF-4E0E-A25B-39B1A7ADA921}.Debug|Any CPU.ActiveCfg = Debug|Any CPU
		{79649746-07CF-4E0E-A25B-39B1A7ADA921}.Debug|Any CPU.Build.0 = Debug|Any CPU
		{79649746-07CF-4E0E-A25B-39B1A7ADA921}.Release|Any CPU.ActiveCfg = Release|Any CPU
		{79649746-07CF-4E0E-A25B-39B1A7ADA921}.Release|Any CPU.Build.0 = Release|Any CPU
		{EFD605F0-512B-46B1-8C8E-2D23816FEC0E}.Debug|Any CPU.ActiveCfg = Debug|Any CPU
		{EFD605F0-512B-46B1-8C8E-2D23816FEC0E}.Debug|Any CPU.Build.0 = Debug|Any CPU
		{EFD605F0-512B-46B1-8C8E-2D23816FEC0E}.Release|Any CPU.ActiveCfg = Release|Any CPU
		{EFD605F0-512B-46B1-8C8E-2D23816FEC0E}.Release|Any CPU.Build.0 = Release|Any CPU
	EndGlobalSection
	GlobalSection(SolutionProperties) = preSolution
		HideSolutionNode = FALSE
	EndGlobalSection
	GlobalSection(ExtensibilityGlobals) = postSolution
		SolutionGuid = {F92465F2-3A5C-411F-82AC-063C3926C339}
	EndGlobalSection
EndGlobal
